
Microsoft Visual Studio Solution File, Format Version 12.00
# Visual Studio 15
VisualStudioVersion = 15.0.27004.2008
MinimumVisualStudioVersion = 10.0.40219.1
Project("{FAE04EC0-301F-11D3-BF4B-00C04F79EFBC}") = "WebSocketDemo", "WebSocketDemo\WebSocketDemo.csproj", "{11BE9921-0B63-426B-83C8-DA193955411C}"
EndProject
Global
	GlobalSection(SolutionConfigurationPlatforms) = preSolution
		Debug_Ubuntu|Any CPU = Debug_Ubuntu|Any CPU
		Debug_Ubuntu|x86 = Debug_Ubuntu|x86
		Debug|Any CPU = Debug|Any CPU
		Debug|x86 = Debug|x86
		Release_Ubuntu|Any CPU = Release_Ubuntu|Any CPU
		Release_Ubuntu|x86 = Release_Ubuntu|x86
		Release|Any CPU = Release|Any CPU
		Release|x86 = Release|x86
	EndGlobalSection
	GlobalSection(ProjectConfigurationPlatforms) = postSolution
		{11BE9921-0B63-426B-83C8-DA193955411C}.Debug_Ubuntu|Any CPU.ActiveCfg = Debug|Any CPU
		{11BE9921-0B63-426B-83C8-DA193955411C}.Debug_Ubuntu|Any CPU.Build.0 = Debug|Any CPU
		{11BE9921-0B63-426B-83C8-DA193955411C}.Debug_Ubuntu|x86.ActiveCfg = Debug|x86
		{11BE9921-0B63-426B-83C8-DA193955411C}.Debug_Ubuntu|x86.Build.0 = Debug|x86
		{11BE9921-0B63-426B-83C8-DA193955411C}.Debug|Any CPU.ActiveCfg = Debug|Any CPU
		{11BE9921-0B63-426B-83C8-DA193955411C}.Debug|Any CPU.Build.0 = Debug|Any CPU
		{11BE9921-0B63-426B-83C8-DA193955411C}.Debug|x86.ActiveCfg = Debug|x86
		{11BE9921-0B63-426B-83C8-DA193955411C}.Debug|x86.Build.0 = Debug|x86
		{11BE9921-0B63-426B-83C8-DA193955411C}.Release_Ubuntu|Any CPU.ActiveCfg = Release|Any CPU
		{11BE9921-0B63-426B-83C8-DA193955411C}.Release_Ubuntu|Any CPU.Build.0 = Release|Any CPU
		{11BE9921-0B63-426B-83C8-DA193955411C}.Release_Ubuntu|x86.ActiveCfg = Release|x86
		{11BE9921-0B63-426B-83C8-DA193955411C}.Release_Ubuntu|x86.Build.0 = Release|x86
		{11BE9921-0B63-426B-83C8-DA193955411C}.Release|Any CPU.ActiveCfg = Release|Any CPU
		{11BE9921-0B63-426B-83C8-DA193955411C}.Release|Any CPU.Build.0 = Release|Any CPU
		{11BE9921-0B63-426B-83C8-DA193955411C}.Release|x86.ActiveCfg = Release|x86
		{11BE9921-0B63-426B-83C8-DA193955411C}.Release|x86.Build.0 = Release|x86
	EndGlobalSection
	GlobalSection(SolutionProperties) = preSolution
		HideSolutionNode = FALSE
	EndGlobalSection
	GlobalSection(ExtensibilityGlobals) = postSolution
		SolutionGuid = {A059F46F-3BC0-4D9C-B21A-EDA6F0C10241}
	EndGlobalSection
EndGlobal
